
Microsoft Visual Studio Solution File, Format Version 12.00
# Visual Studio Version 17
VisualStudioVersion = 17.11.35312.102
MinimumVisualStudioVersion = 10.0.40219.1
Project("{888888A0-9F3D-457C-B088-3A5042F75D52}") = "2401-Audio-Design", "2401-Audio-Design.pyproj", "{E5F2CCAD-732E-436E-8722-178122960E00}"
EndProject
Global
	GlobalSection(SolutionConfigurationPlatforms) = preSolution
		Debug|Any CPU = Debug|Any CPU
		Release|Any CPU = Release|Any CPU
	EndGlobalSection
	GlobalSection(ProjectConfigurationPlatforms) = postSolution
		{E5F2CCAD-732E-436E-8722-178122960E00}.Debug|Any CPU.ActiveCfg = Debug|Any CPU
		{E5F2CCAD-732E-436E-8722-178122960E00}.Release|Any CPU.ActiveCfg = Release|Any CPU
	EndGlobalSection
	GlobalSection(SolutionProperties) = preSolution
		HideSolutionNode = FALSE
	EndGlobalSection
	GlobalSection(ExtensibilityGlobals) = postSolution
		SolutionGuid = {12EB637C-94CC-4867-B469-E5350BF081C1}
	EndGlobalSection
EndGlobal
